
Microsoft Visual Studio Solution File, Format Version 12.00
# Visual Studio Version 16
VisualStudioVersion = 16.0.30002.166
MinimumVisualStudioVersion = 10.0.40219.1
Project("{FAE04EC0-301F-11D3-BF4B-00C04F79EFBC}") = "gameOpenTK", "gameOpenTK\gameOpenTK.csproj", "{A1D8C770-3368-490F-B9EC-0AA8C252CD8E}"
EndProject
Global
	GlobalSection(SolutionConfigurationPlatforms) = preSolution
		Debug|Any CPU = Debug|Any CPU
		Release|Any CPU = Release|Any CPU
	EndGlobalSection
	GlobalSection(ProjectConfigurationPlatforms) = postSolution
		{A1D8C770-3368-490F-B9EC-0AA8C252CD8E}.Debug|Any CPU.ActiveCfg = Debug|Any CPU
		{A1D8C770-3368-490F-B9EC-0AA8C252CD8E}.Debug|Any CPU.Build.0 = Debug|Any CPU
		{A1D8C770-3368-490F-B9EC-0AA8C252CD8E}.Release|Any CPU.ActiveCfg = Release|Any CPU
		{A1D8C770-3368-490F-B9EC-0AA8C252CD8E}.Release|Any CPU.Build.0 = Release|Any CPU
	EndGlobalSection
	GlobalSection(SolutionProperties) = preSolution
		HideSolutionNode = FALSE
	EndGlobalSection
	GlobalSection(ExtensibilityGlobals) = postSolution
		SolutionGuid = {0E9F6138-BEC6-4BB3-A5F8-4DB6D823DF89}
	EndGlobalSection
EndGlobal
